<?xml version="1.0" encoding="utf-8"?>
<Project ToolsVersion="4.0" xmlns="http://schemas.microsoft.com/developer/msbuild/2003">
  <ItemGroup>
    <Filter Include="KDF">
      <UniqueIdentifier>{FAFA870B-6604-887C-EF7F-9E7C5B88937C}</UniqueIdentifier>
    </Filter>
    <Filter Include="KDF\Events">
      <UniqueIdentifier>{9E494ABB-8A01-8C08-F308-6564DFDF26F9}</UniqueIdentifier>
    </Filter>
  </ItemGroup>
  <ItemGroup>
    <ClInclude Include="src\KDF.h" />
    <ClInclude Include="src\KDF\Application.h">
      <Filter>KDF</Filter>
    </ClInclude>
    <ClInclude Include="src\KDF\Core.h">
      <Filter>KDF</Filter>
    </ClInclude>
    <ClInclude Include="src\KDF\EntryPoint.h">
      <Filter>KDF</Filter>
    </ClInclude>
    <ClInclude Include="src\KDF\Events\ApplicationEvent.h">
      <Filter>KDF\Events</Filter>
    </ClInclude>
    <ClInclude Include="src\KDF\Events\Event.h">
      <Filter>KDF\Events</Filter>
    </ClInclude>
    <ClInclude Include="src\KDF\Events\KeyEvent.h">
      <Filter>KDF\Events</Filter>
    </ClInclude>
    <ClInclude Include="src\KDF\Log.h">
      <Filter>KDF</Filter>
    </ClInclude>
    <ClInclude Include="src\KDF\Events\MouseEvent.h" />
  </ItemGroup>
  <ItemGroup>
    <ClCompile Include="src\KDF\Application.cpp">
      <Filter>KDF</Filter>
    </ClCompile>
    <ClCompile Include="src\KDF\Log.cpp">
      <Filter>KDF</Filter>
    </ClCompile>
  </ItemGroup>
</Project>